Microsoft Visual Studio Solution File, Format Version 12.00
# Visual Studio 2012
Project("{FAE04EC0-301F-11D3-BF4B-00C04F79EFBC}") = "First Game", "First Game.csproj", "{ECF02961-F24B-48F9-9732-6189955A5AAC}"
EndProject
Global
	GlobalSection(SolutionConfigurationPlatforms) = preSolution
	Debug|Any CPU = Debug|Any CPU
	ExportDebug|Any CPU = ExportDebug|Any CPU
	ExportRelease|Any CPU = ExportRelease|Any CPU
	EndGlobalSection
	GlobalSection(ProjectConfigurationPlatforms) = postSolution
		{ECF02961-F24B-48F9-9732-6189955A5AAC}.Debug|Any CPU.ActiveCfg = Debug|Any CPU
		{ECF02961-F24B-48F9-9732-6189955A5AAC}.Debug|Any CPU.Build.0 = Debug|Any CPU
		{ECF02961-F24B-48F9-9732-6189955A5AAC}.ExportDebug|Any CPU.ActiveCfg = ExportDebug|Any CPU
		{ECF02961-F24B-48F9-9732-6189955A5AAC}.ExportDebug|Any CPU.Build.0 = ExportDebug|Any CPU
		{ECF02961-F24B-48F9-9732-6189955A5AAC}.ExportRelease|Any CPU.ActiveCfg = ExportRelease|Any CPU
		{ECF02961-F24B-48F9-9732-6189955A5AAC}.ExportRelease|Any CPU.Build.0 = ExportRelease|Any CPU
	EndGlobalSection
EndGlobal
